lockfileVersion: '6.0'

settings:
  autoInstallPeers: true
  excludeLinksFromLockfile: false

dependencies:
  '@tanstack/react-store':
    specifier: ^0.3.1
    version: 0.3.1(react-dom@18.2.0)(react@18.2.0)
  '@tanstack/store':
    specifier: ^0.3.1
    version: 0.3.1

packages:

  /@tanstack/react-store@0.3.1(react-dom@18.2.0)(react@18.2.0):
    resolution: {integrity: sha512-PfV271d345It6FdcX4c9gd+llKGddtvau8iJnybTAWmYVyDeFWfIIkiAJ5iNITJmI02AzqgtcV3QLNBBlpBUjA==}
    peerDependencies:
      react: ^17.0.0 || ^18.0.0
      react-dom: ^17.0.0 || ^18.0.0
    dependencies:
      '@tanstack/store': 0.3.1
      react: 18.2.0
      react-dom: 18.2.0(react@18.2.0)
      use-sync-external-store: 1.2.0(react@18.2.0)
    dev: false

  /@tanstack/store@0.3.1:
    resolution: {integrity: sha512-A49KN8SpLMWaNmZGPa9K982RQ81W+m7W6iStcQVeKeVS70JZRqkF0fDwKByREPq6qz9/kS0aQFOPQ0W6wIeU5g==}
    dev: false

  /js-tokens@4.0.0:
    resolution: {integrity: sha512-RdJUflcE3cUzKiMqQgsCu06FPu9UdIJO0beYbPhHN4k6apgJtifcoCtT9bcxOpYBtpD2kCM6Sbzg4CausW/PKQ==}
    dev: false

  /loose-envify@1.4.0:
    resolution: {integrity: sha512-lyuxPGr/Wfhrlem2CL/UcnUc1zcqKAImBDzukY7Y5F/yQiNdko6+fRLevlw1HgMySw7f611UIY408EtxRSoK3Q==}
    hasBin: true
    dependencies:
      js-tokens: 4.0.0
    dev: false

  /react-dom@18.2.0(react@18.2.0):
    resolution: {integrity: sha512-6IMTriUmvsjHUjNtEDudZfuDQUoWXVxKHhlEGSk81n4YFS+r/Kl99wXiwlVXtPBtJenozv2P+hxDsw9eA7Xo6g==}
    peerDependencies:
      react: ^18.2.0
    dependencies:
      loose-envify: 1.4.0
      react: 18.2.0
      scheduler: 0.23.0
    dev: false

  /react@18.2.0:
    resolution: {integrity: sha512-/3IjMdb2L9QbBdWiW5e3P2/npwMBaU9mHCSCUzNln0ZCYbcfTsGbTJrU/kGemdH2IWmB2ioZ+zkxtmq6g09fGQ==}
    engines: {node: '>=0.10.0'}
    dependencies:
      loose-envify: 1.4.0
    dev: false

  /scheduler@0.23.0:
    resolution: {integrity: sha512-CtuThmgHNg7zIZWAXi3AsyIzA3n4xx7aNyjwC2VJldO2LMVDhFK+63xGqq6CsJH4rTAt6/M+N4GhZiDYPx9eUw==}
    dependencies:
      loose-envify: 1.4.0
    dev: false

  /use-sync-external-store@1.2.0(react@18.2.0):
    resolution: {integrity: sha512-eEgnFxGQ1Ife9bzYs6VLi8/4X6CObHMw9Qr9tPY43iKwsPw8xE8+EFsf/2cFZ5S3esXgpWgtSCtLNS41F+sKPA==}
    peerDependencies:
      react: ^16.8.0 || ^17.0.0 || ^18.0.0
    dependencies:
      react: 18.2.0
    dev: false
